// !$*UTF8*$!
{
	archiveVersion = 1;
	classes = {
	};
	objectVersion = 56;
	objects = {

/* Begin PBXBuildFile section */
		CF68C0CC296F088900548865 /* AppDelegate.swift in Sources */ = {isa = PBXBuildFile; fileRef = CF68C0CB296F088900548865 /* AppDelegate.swift */; };
		CF68C0CE296F088900548865 /* SceneDelegate.swift in Sources */ = {isa = PBXBuildFile; fileRef = CF68C0CD296F088900548865 /* SceneDelegate.swift */; };
		CF68C0D0296F088900548865 /* ViewController.swift in Sources */ = {isa = PBXBuildFile; fileRef = CF68C0CF296F088900548865 /* ViewController.swift */; };
		CF68C0D3296F088900548865 /* Main.storyboard in Resources */ = {isa = PBXBuildFile; fileRef = CF68C0D1296F088900548865 /* Main.storyboard */; };
		CF68C0D5296F088A00548865 /* Assets.xcassets in Resources */ = {isa = PBXBuildFile; fileRef = CF68C0D4296F088A00548865 /* Assets.xcassets */; };
		CF68C0D8296F088A00548865 /* LaunchScreen.storyboard in Resources */ = {isa = PBXBuildFile; fileRef = CF68C0D6296F088A00548865 /* LaunchScreen.storyboard */; };
		CF68C0FC296F094800548865 /* CustomCollectionViewCell.swift in Sources */ = {isa = PBXBuildFile; fileRef = CF68C0FB296F094800548865 /* CustomCollectionViewCell.swift */; };
/* End PBXBuildFile section */

/* Begin PBXContainerItemProxy section */
		CF68C0DF296F088A00548865 /* PBXContainerItemProxy */ = {
			isa = PBXContainerItemProxy;
			containerPortal = CF68C0C0296F088900548865 /* Project object */;
			proxyType = 1;
			remoteGlobalIDString = CF68C0C7296F088900548865;
			remoteInfo = CustomCellCollectionView;
		};
		CF68C0E9296F088A00548865 /* PBXContainerItemProxy */ = {
			isa = PBXContainerItemProxy;
			containerPortal = CF68C0C0296F088900548865 /* Project object */;
			proxyType = 1;
			remoteGlobalIDString = CF68C0C7296F088900548865;
			remoteInfo = CustomCellCollectionView;
		};
/* End PBXContainerItemProxy section */

/* Begin PBXFileReference section */
		CF68C0C8296F088900548865 /* CustomCellCollectionView.app */ = {isa = PBXFileReference; explicitFileType = wrapper.application; includeInIndex = 0; path = CustomCellCollectionView.app; sourceTree = BUILT_PRODUCTS_DIR; };
		CF68C0CB296F088900548865 /* AppDelegate.swift */ = {isa = PBXFileReference; lastKnownFileType = sourcecode.swift; path = AppDelegate.swift; sourceTree = "<group>"; };
		CF68C0CD296F088900548865 /* SceneDelegate.swift */ = {isa = PBXFileReference; lastKnownFileType = sourcecode.swift; path = SceneDelegate.swift; sourceTree = "<group>"; };
		CF68C0CF296F088900548865 /* ViewController.swift */ = {isa = PBXFileReference; lastKnownFileType = sourcecode.swift; path = ViewController.swift; sourceTree = "<group>"; };
		CF68C0D2296F088900548865 /* Base */ = {isa = PBXFileReference; lastKnownFileType = file.storyboard; name = Base; path = Base.lproj/Main.storyboard; sourceTree = "<group>"; };
		CF68C0D4296F088A00548865 /* Assets.xcassets */ = {isa = PBXFileReference; lastKnownFileType = folder.assetcatalog; path = Assets.xcassets; sourceTree = "<group>"; };
		CF68C0D7296F088A00548865 /* Base */ = {isa = PBXFileReference; lastKnownFileType = file.storyboard; name = Base; path = Base.lproj/LaunchScreen.storyboard; sourceTree = "<group>"; };
		CF68C0D9296F088A00548865 /* Info.plist */ = {isa = PBXFileReference; lastKnownFileType = text.plist.xml; path = Info.plist; sourceTree = "<group>"; };
		CF68C0DE296F088A00548865 /* CustomCellCollectionViewTests.xctest */ = {isa = PBXFileReference; explicitFileType = wrapper.cfbundle; includeInIndex = 0; path = CustomCellCollectionViewTests.xctest; sourceTree = BUILT_PRODUCTS_DIR; };
		CF68C0E8296F088A00548865 /* CustomCellCollectionViewUITests.xctest */ = {isa = PBXFileReference; explicitFileType = wrapper.cfbundle; includeInIndex = 0; path = CustomCellCollectionViewUITests.xctest; sourceTree = BUILT_PRODUCTS_DIR; };
		CF68C0FB296F094800548865 /* CustomCollectionViewCell.swift */ = {isa = PBXFileReference; lastKnownFileType = sourcecode.swift; path = CustomCollectionViewCell.swift; sourceTree = "<group>"; };
/* End PBXFileReference section */

/* Begin PBXFrameworksBuildPhase section */
		CF68C0C5296F088900548865 /* Frameworks */ = {
			isa = PBXFrameworksBuildPhase;
			buildActionMask = 2147483647;
			files = (
			);
			runOnlyForDeploymentPostprocessing = 0;
		};
		CF68C0DB296F088A00548865 /* Frameworks */ = {
			isa = PBXFrameworksBuildPhase;
			buildActionMask = 2147483647;
			files = (
			);
			runOnlyForDeploymentPostprocessing = 0;
		};
		CF68C0E5296F088A00548865 /* Frameworks */ = {
			isa = PBXFrameworksBuildPhase;
			buildActionMask = 2147483647;
			files = (
			);
			runOnlyForDeploymentPostprocessing = 0;
		};
/* End PBXFrameworksBuildPhase section */

/* Begin PBXGroup section */
		CF68C0BF296F088900548865 = {
			isa = PBXGroup;
			children = (
				CF68C0CA296F088900548865 /* CustomCellCollectionView */,
				CF68C0C9296F088900548865 /* Products */,
			);
			sourceTree = "<group>";
		};
		CF68C0C9296F088900548865 /* Products */ = {
			isa = PBXGroup;
			children = (
				CF68C0C8296F088900548865 /* CustomCellCollectionView.app */,
				CF68C0DE296F088A00548865 /* CustomCellCollectionViewTests.xctest */,
				CF68C0E8296F088A00548865 /* CustomCellCollectionViewUITests.xctest */,
			);
			name = Products;
			sourceTree = "<group>";
		};
		CF68C0CA296F088900548865 /* CustomCellCollectionView */ = {
			isa = PBXGroup;
			children = (
				CF68C0CB296F088900548865 /* AppDelegate.swift */,
				CF68C0CD296F088900548865 /* SceneDelegate.swift */,
				CF68C0CF296F088900548865 /* ViewController.swift */,
				CF68C0D1296F088900548865 /* Main.storyboard */,
				CF68C0D4296F088A00548865 /* Assets.xcassets */,
				CF68C0D6296F088A00548865 /* LaunchScreen.storyboard */,
				CF68C0D9296F088A00548865 /* Info.plist */,
				CF68C0FB296F094800548865 /* CustomCollectionViewCell.swift */,
			);
			path = CustomCellCollectionView;
			sourceTree = "<group>";
		};
/* End PBXGroup section */

/* Begin PBXNativeTarget section */
		CF68C0C7296F088900548865 /* CustomCellCollectionView */ = {
			isa = PBXNativeTarget;
			buildConfigurationList = CF68C0F2296F088A00548865 /* Build configuration list for PBXNativeTarget "CustomCellCollectionView" */;
			buildPhases = (
				CF68C0C4296F088900548865 /* Sources */,
				CF68C0C5296F088900548865 /* Frameworks */,
				CF68C0C6296F088900548865 /* Resources */,
			);
			buildRules = (
			);
			dependencies = (
			);
			name = CustomCellCollectionView;
			productName = CustomCellCollectionView;
			productReference = CF68C0C8296F088900548865 /* CustomCellCollectionView.app */;
			productType = "com.apple.product-type.application";
		};
		CF68C0DD296F088A00548865 /* CustomCellCollectionViewTests */ = {
			isa = PBXNativeTarget;
			buildConfigurationList = CF68C0F5296F088A00548865 /* Build configuration list for PBXNativeTarget "CustomCellCollectionViewTests" */;
			buildPhases = (
				CF68C0DA296F088A00548865 /* Sources */,
				CF68C0DB296F088A00548865 /* Frameworks */,
				CF68C0DC296F088A00548865 /* Resources */,
			);
			buildRules = (
			);
			dependencies = (
				CF68C0E0296F088A00548865 /* PBXTargetDependency */,
			);
			name = CustomCellCollectionViewTests;
			productName = CustomCellCollectionViewTests;
			productReference = CF68C0DE296F088A00548865 /* CustomCellCollectionViewTests.xctest */;
			productType = "com.apple.product-type.bundle.unit-test";
		};
		CF68C0E7296F088A00548865 /* CustomCellCollectionViewUITests */ = {
			isa = PBXNativeTarget;
			buildConfigurationList = CF68C0F8296F088A00548865 /* Build configuration list for PBXNativeTarget "CustomCellCollectionViewUITests" */;
			buildPhases = (
				CF68C0E4296F088A00548865 /* Sources */,
				CF68C0E5296F088A00548865 /* Frameworks */,
				CF68C0E6296F088A00548865 /* Resources */,
			);
			buildRules = (
			);
			dependencies = (
				CF68C0EA296F088A00548865 /* PBXTargetDependency */,
			);
			name = CustomCellCollectionViewUITests;
			productName = CustomCellCollectionViewUITests;
			productReference = CF68C0E8296F088A00548865 /* CustomCellCollectionViewUITests.xctest */;
			productType = "com.apple.product-type.bundle.ui-testing";
		};
/* End PBXNativeTarget section */

/* Begin PBXProject section */
		CF68C0C0296F088900548865 /* Project object */ = {
			isa = PBXProject;
			attributes = {
				BuildIndependentTargetsInParallel = 1;
				LastSwiftUpdateCheck = 1400;
				LastUpgradeCheck = 1400;
				TargetAttributes = {
					CF68C0C7296F088900548865 = {
						CreatedOnToolsVersion = 14.0;
					};
					CF68C0DD296F088A00548865 = {
						CreatedOnToolsVersion = 14.0;
						TestTargetID = CF68C0C7296F088900548865;
					};
					CF68C0E7296F088A00548865 = {
						CreatedOnToolsVersion = 14.0;
						TestTargetID = CF68C0C7296F088900548865;
					};
				};
			};
			buildConfigurationList = CF68C0C3296F088900548865 /* Build configuration list for PBXProject "CustomCellCollectionView" */;
			compatibilityVersion = "Xcode 14.0";
			developmentRegion = en;
			hasScannedForEncodings = 0;
			knownRegions = (
				en,
				Base,
			);
			mainGroup = CF68C0BF296F088900548865;
			productRefGroup = CF68C0C9296F088900548865 /* Products */;
			projectDirPath = "";
			projectRoot = "";
			targets = (
				CF68C0C7296F088900548865 /* CustomCellCollectionView */,
				CF68C0DD296F088A00548865 /* CustomCellCollectionViewTests */,
				CF68C0E7296F088A00548865 /* CustomCellCollectionViewUITests */,
			);
		};
/* End PBXProject section */

/* Begin PBXResourcesBuildPhase section */
		CF68C0C6296F088900548865 /* Resources */ = {
			isa = PBXResourcesBuildPhase;
			buildActionMask = 2147483647;
			files = (
				CF68C0D8296F088A00548865 /* LaunchScreen.storyboard in Resources */,
				CF68C0D5296F088A00548865 /* Assets.xcassets in Resources */,
				CF68C0D3296F088900548865 /* Main.storyboard in Resources */,
			);
			runOnlyForDeploymentPostprocessing = 0;
		};
		CF68C0DC296F088A00548865 /* Resources */ = {
			isa = PBXResourcesBuildPhase;
			buildActionMask = 2147483647;
			files = (
			);
			runOnlyForDeploymentPostprocessing = 0;
		};
		CF68C0E6296F088A00548865 /* Resources */ = {
			isa = PBXResourcesBuildPhase;
			buildActionMask = 2147483647;
			files = (
			);
			runOnlyForDeploymentPostprocessing = 0;
		};
/* End PBXResourcesBuildPhase section */

/* Begin PBXSourcesBuildPhase section */
		CF68C0C4296F088900548865 /* Sources */ = {
			isa = PBXSourcesBuildPhase;
			buildActionMask = 2147483647;
			files = (
				CF68C0D0296F088900548865 /* ViewController.swift in Sources */,
				CF68C0CC296F088900548865 /* AppDelegate.swift in Sources */,
				CF68C0CE296F088900548865 /* SceneDelegate.swift in Sources */,
				CF68C0FC296F094800548865 /* CustomCollectionViewCell.swift in Sources */,
			);
			runOnlyForDeploymentPostprocessing = 0;
		};
		CF68C0DA296F088A00548865 /* Sources */ = {
			isa = PBXSourcesBuildPhase;
			buildActionMask = 2147483647;
			files = (
			);
			runOnlyForDeploymentPostprocessing = 0;
		};
		CF68C0E4296F088A00548865 /* Sources */ = {
			isa = PBXSourcesBuildPhase;
			buildActionMask = 2147483647;
			files = (
			);
			runOnlyForDeploymentPostprocessing = 0;
		};
/* End PBXSourcesBuildPhase section */

/* Begin PBXTargetDependency section */
		CF68C0E0296F088A00548865 /* PBXTargetDependency */ = {
			isa = PBXTargetDependency;
			target = CF68C0C7296F088900548865 /* CustomCellCollectionView */;
			targetProxy = CF68C0DF296F088A00548865 /* PBXContainerItemProxy */;
		};
		CF68C0EA296F088A00548865 /* PBXTargetDependency */ = {
			isa = PBXTargetDependency;
			target = CF68C0C7296F088900548865 /* CustomCellCollectionView */;
			targetProxy = CF68C0E9296F088A00548865 /* PBXContainerItemProxy */;
		};
/* End PBXTargetDependency section */

/* Begin PBXVariantGroup section */
		CF68C0D1296F088900548865 /* Main.storyboard */ = {
			isa = PBXVariantGroup;
			children = (
				CF68C0D2296F088900548865 /* Base */,
			);
			name = Main.storyboard;
			sourceTree = "<group>";
		};
		CF68C0D6296F088A00548865 /* LaunchScreen.storyboard */ = {
			isa = PBXVariantGroup;
			children = (
				CF68C0D7296F088A00548865 /* Base */,
			);
			name = LaunchScreen.storyboard;
			sourceTree = "<group>";
		};
/* End PBXVariantGroup section */

/* Begin XCBuildConfiguration section */
		CF68C0F0296F088A00548865 /* Debug */ = {
			isa = XCBuildConfiguration;
			buildSettings = {
				ALWAYS_SEARCH_USER_PATHS = NO;
				CLANG_ANALYZER_NONNULL = YES;
				CLANG_ANALYZER_NUMBER_OBJECT_CONVERSION = YES_AGGRESSIVE;
				CLANG_CXX_LANGUAGE_STANDARD = "gnu++20";
				CLANG_ENABLE_MODULES = YES;
				CLANG_ENABLE_OBJC_ARC = YES;
				CLANG_ENABLE_OBJC_WEAK = YES;
				CLANG_WARN_BLOCK_CAPTURE_AUTORELEASING = YES;
				CLANG_WARN_BOOL_CONVERSION = YES;
				CLANG_WARN_COMMA = YES;
				CLANG_WARN_CONSTANT_CONVERSION = YES;
				CLANG_WARN_DEPRECATED_OBJC_IMPLEMENTATIONS = YES;
				CLANG_WARN_DIRECT_OBJC_ISA_USAGE = YES_ERROR;
				CLANG_WARN_DOCUMENTATION_COMMENTS = YES;
				CLANG_WARN_EMPTY_BODY = YES;
				CLANG_WARN_ENUM_CONVERSION = YES;
				CLANG_WARN_INFINITE_RECURSION = YES;
				CLANG_WARN_INT_CONVERSION = YES;
				CLANG_WARN_NON_LITERAL_NULL_CONVERSION = YES;
				CLANG_WARN_OBJC_IMPLICIT_RETAIN_SELF = YES;
				CLANG_WARN_OBJC_LITERAL_CONVERSION = YES;
				CLANG_WARN_OBJC_ROOT_CLASS = YES_ERROR;
				CLANG_WARN_QUOTED_INCLUDE_IN_FRAMEWORK_HEADER = YES;
				CLANG_WARN_RANGE_LOOP_ANALYSIS = YES;
				CLANG_WARN_STRICT_PROTOTYPES = YES;
				CLANG_WARN_SUSPICIOUS_MOVE = YES;
				CLANG_WARN_UNGUARDED_AVAILABILITY = YES_AGGRESSIVE;
				CLANG_WARN_UNREACHABLE_CODE = YES;
				CLANG_WARN__DUPLICATE_METHOD_MATCH = YES;
				COPY_PHASE_STRIP = NO;
				DEBUG_INFORMATION_FORMAT = dwarf;
				ENABLE_STRICT_OBJC_MSGSEND = YES;
				ENABLE_TESTABILITY = YES;
				GCC_C_LANGUAGE_STANDARD = gnu11;
				GCC_DYNAMIC_NO_PIC = NO;
				GCC_NO_COMMON_BLOCKS = YES;
				GCC_OPTIMIZATION_LEVEL = 0;
				GCC_PREPROCESSOR_DEFINITIONS = (
					"DEBUG=1",
					"$(inherited)",
				);
				GCC_WARN_64_TO_32_BIT_CONVERSION = YES;
				GCC_WARN_ABOUT_RETURN_TYPE = YES_ERROR;
				GCC_WARN_UNDECLARED_SELECTOR = YES;
				GCC_WARN_UNINITIALIZED_AUTOS = YES_AGGRESSIVE;
				GCC_WARN_UNUSED_FUNCTION = YES;
				GCC_WARN_UNUSED_VARIABLE = YES;
				IPHONEOS_DEPLOYMENT_TARGET = 16.0;
				MTL_ENABLE_DEBUG_INFO = INCLUDE_SOURCE;
				MTL_FAST_MATH = YES;
				ONLY_ACTIVE_ARCH = YES;
				SDKROOT = iphoneos;
				SWIFT_ACTIVE_COMPILATION_CONDITIONS = DEBUG;
				SWIFT_OPTIMIZATION_LEVEL = "-Onone";
			};
			name = Debug;
		};
		CF68C0F1296F088A00548865 /* Release */ = {
			isa = XCBuildConfiguration;
			buildSettings = {
				ALWAYS_SEARCH_USER_PATHS = NO;
				CLANG_ANALYZER_NONNULL = YES;
				CLANG_ANALYZER_NUMBER_OBJECT_CONVERSION = YES_AGGRESSIVE;
				CLANG_CXX_LANGUAGE_STANDARD = "gnu++20";
				CLANG_ENABLE_MODULES = YES;
				CLANG_ENABLE_OBJC_ARC = YES;
				CLANG_ENABLE_OBJC_WEAK = YES;
				CLANG_WARN_BLOCK_CAPTURE_AUTORELEASING = YES;
				CLANG_WARN_BOOL_CONVERSION = YES;
				CLANG_WARN_COMMA = YES;
				CLANG_WARN_CONSTANT_CONVERSION = YES;
				CLANG_WARN_DEPRECATED_OBJC_IMPLEMENTATIONS = YES;
				CLANG_WARN_DIRECT_OBJC_ISA_USAGE = YES_ERROR;
				CLANG_WARN_DOCUMENTATION_COMMENTS = YES;
				CLANG_WARN_EMPTY_BODY = YES;
				CLANG_WARN_ENUM_CONVERSION = YES;
				CLANG_WARN_INFINITE_RECURSION = YES;
				CLANG_WARN_INT_CONVERSION = YES;
				CLANG_WARN_NON_LITERAL_NULL_CONVERSION = YES;
				CLANG_WARN_OBJC_IMPLICIT_RETAIN_SELF = YES;
				CLANG_WARN_OBJC_LITERAL_CONVERSION = YES;
				CLANG_WARN_OBJC_ROOT_CLASS = YES_ERROR;
				CLANG_WARN_QUOTED_INCLUDE_IN_FRAMEWORK_HEADER = YES;
				CLANG_WARN_RANGE_LOOP_ANALYSIS = YES;
				CLANG_WARN_STRICT_PROTOTYPES = YES;
				CLANG_WARN_SUSPICIOUS_MOVE = YES;
				CLANG_WARN_UNGUARDED_AVAILABILITY = YES_AGGRESSIVE;
				CLANG_WARN_UNREACHABLE_CODE = YES;
				CLANG_WARN__DUPLICATE_METHOD_MATCH = YES;
				COPY_PHASE_STRIP = NO;
				DEBUG_INFORMATION_FORMAT = "dwarf-with-dsym";
				ENABLE_NS_ASSERTIONS = NO;
				ENABLE_STRICT_OBJC_MSGSEND = YES;
				GCC_C_LANGUAGE_STANDARD = gnu11;
				GCC_NO_COMMON_BLOCKS = YES;
				GCC_WARN_64_TO_32_BIT_CONVERSION = YES;
				GCC_WARN_ABOUT_RETURN_TYPE = YES_ERROR;
				GCC_WARN_UNDECLARED_SELECTOR = YES;
				GCC_WARN_UNINITIALIZED_AUTOS = YES_AGGRESSIVE;
				GCC_WARN_UNUSED_FUNCTION = YES;
				GCC_WARN_UNUSED_VARIABLE = YES;
				IPHONEOS_DEPLOYMENT_TARGET = 16.0;
				MTL_ENABLE_DEBUG_INFO = NO;
				MTL_FAST_MATH = YES;
				SDKROOT = iphoneos;
				SWIFT_COMPILATION_MODE = wholemodule;
				SWIFT_OPTIMIZATION_LEVEL = "-O";
				VALIDATE_PRODUCT = YES;
			};
			name = Release;
		};
		CF68C0F3296F088A00548865 /* Debug */ = {
			isa = XCBuildConfiguration;
			buildSettings = {
				ASSETCATALOG_COMPILER_APPICON_NAME = AppIcon;
				ASSETCATALOG_COMPILER_GLOBAL_ACCENT_COLOR_NAME = AccentColor;
				CODE_SIGN_STYLE = Automatic;
				CURRENT_PROJECT_VERSION = 1;
				GENERATE_INFOPLIST_FILE = YES;
				INFOPLIST_FILE = CustomCellCollectionView/Info.plist;
				INFOPLIST_KEY_UIApplicationSupportsIndirectInputEvents = YES;
				INFOPLIST_KEY_UILaunchStoryboardName = LaunchScreen;
				INFOPLIST_KEY_UIMainStoryboardFile = Main;
				INFOPLIST_KEY_UISupportedInterfaceOrientations_iPad = "UIInterfaceOrientationPortrait UIInterfaceOrientationPortraitUpsideDown UIInterfaceOrientationLandscapeLeft UIInterfaceOrientationLandscapeRight";
				INFOPLIST_KEY_UISupportedInterfaceOrientations_iPhone = "UIInterfaceOrientationPortrait UIInterfaceOrientationLandscapeLeft UIInterfaceOrientationLandscapeRight";
				LD_RUNPATH_SEARCH_PATHS = (
					"$(inherited)",
					"@executable_path/Frameworks",
				);
				MARKETING_VERSION = 1.0;
				PRODUCT_BUNDLE_IDENTIFIER = com.ShreeKrishna.CustomCellCollectionView;
				PRODUCT_NAME = "$(TARGET_NAME)";
				SWIFT_EMIT_LOC_STRINGS = YES;
				SWIFT_VERSION = 5.0;
				TARGETED_DEVICE_FAMILY = "1,2";
			};
			name = Debug;
		};
		CF68C0F4296F088A00548865 /* Release */ = {
			isa = XCBuildConfiguration;
			buildSettings = {
				ASSETCATALOG_COMPILER_APPICON_NAME = AppIcon;
				ASSETCATALOG_COMPILER_GLOBAL_ACCENT_COLOR_NAME = AccentColor;
				CODE_SIGN_STYLE = Automatic;
				CURRENT_PROJECT_VERSION = 1;
				GENERATE_INFOPLIST_FILE = YES;
				INFOPLIST_FILE = CustomCellCollectionView/Info.plist;
				INFOPLIST_KEY_UIApplicationSupportsIndirectInputEvents = YES;
				INFOPLIST_KEY_UILaunchStoryboardName = LaunchScreen;
				INFOPLIST_KEY_UIMainStoryboardFile = Main;
				INFOPLIST_KEY_UISupportedInterfaceOrientations_iPad = "UIInterfaceOrientationPortrait UIInterfaceOrientationPortraitUpsideDown UIInterfaceOrientationLandscapeLeft UIInterfaceOrientationLandscapeRight";
				INFOPLIST_KEY_UISupportedInterfaceOrientations_iPhone = "UIInterfaceOrientationPortrait UIInterfaceOrientationLandscapeLeft UIInterfaceOrientationLandscapeRight";
				LD_RUNPATH_SEARCH_PATHS = (
					"$(inherited)",
					"@executable_path/Frameworks",
				);
				MARKETING_VERSION = 1.0;
				PRODUCT_BUNDLE_IDENTIFIER = com.ShreeKrishna.CustomCellCollectionView;
				PRODUCT_NAME = "$(TARGET_NAME)";
				SWIFT_EMIT_LOC_STRINGS = YES;
				SWIFT_VERSION = 5.0;
				TARGETED_DEVICE_FAMILY = "1,2";
			};
			name = Release;
		};
		CF68C0F6296F088A00548865 /* Debug */ = {
			isa = XCBuildConfiguration;
			buildSettings = {
				ALWAYS_EMBED_SWIFT_STANDARD_LIBRARIES = YES;
				BUNDLE_LOADER = "$(TEST_HOST)";
				CODE_SIGN_STYLE = Automatic;
				CURRENT_PROJECT_VERSION = 1;
				GENERATE_INFOPLIST_FILE = YES;
				IPHONEOS_DEPLOYMENT_TARGET = 16.0;
				MARKETING_VERSION = 1.0;
				PRODUCT_BUNDLE_IDENTIFIER = com.ShreeKrishna.CustomCellCollectionViewTests;
				PRODUCT_NAME = "$(TARGET_NAME)";
				SWIFT_EMIT_LOC_STRINGS = NO;
				SWIFT_VERSION = 5.0;
				TARGETED_DEVICE_FAMILY = "1,2";
				TEST_HOST = "$(BUILT_PRODUCTS_DIR)/CustomCellCollectionView.app/$(BUNDLE_EXECUTABLE_FOLDER_PATH)/CustomCellCollectionView";
			};
			name = Debug;
		};
		CF68C0F7296F088A00548865 /* Release */ = {
			isa = XCBuildConfiguration;
			buildSettings = {
				ALWAYS_EMBED_SWIFT_STANDARD_LIBRARIES = YES;
				BUNDLE_LOADER = "$(TEST_HOST)";
				CODE_SIGN_STYLE = Automatic;
				CURRENT_PROJECT_VERSION = 1;
				GENERATE_INFOPLIST_FILE = YES;
				IPHONEOS_DEPLOYMENT_TARGET = 16.0;
				MARKETING_VERSION = 1.0;
				PRODUCT_BUNDLE_IDENTIFIER = com.ShreeKrishna.CustomCellCollectionViewTests;
				PRODUCT_NAME = "$(TARGET_NAME)";
				SWIFT_EMIT_LOC_STRINGS = NO;
				SWIFT_VERSION = 5.0;
				TARGETED_DEVICE_FAMILY = "1,2";
				TEST_HOST = "$(BUILT_PRODUCTS_DIR)/CustomCellCollectionView.app/$(BUNDLE_EXECUTABLE_FOLDER_PATH)/CustomCellCollectionView";
			};
			name = Release;
		};
		CF68C0F9296F088A00548865 /* Debug */ = {
			isa = XCBuildConfiguration;
			buildSettings = {
				ALWAYS_EMBED_SWIFT_STANDARD_LIBRARIES = YES;
				CODE_SIGN_STYLE = Automatic;
				CURRENT_PROJECT_VERSION = 1;
				GENERATE_INFOPLIST_FILE = YES;
				MARKETING_VERSION = 1.0;
				PRODUCT_BUNDLE_IDENTIFIER = com.ShreeKrishna.CustomCellCollectionViewUITests;
				PRODUCT_NAME = "$(TARGET_NAME)";
				SWIFT_EMIT_LOC_STRINGS = NO;
				SWIFT_VERSION = 5.0;
				TARGETED_DEVICE_FAMILY = "1,2";
				TEST_TARGET_NAME = CustomCellCollectionView;
			};
			name = Debug;
		};
		CF68C0FA296F088A00548865 /* Release */ = {
			isa = XCBuildConfiguration;
			buildSettings = {
				ALWAYS_EMBED_SWIFT_STANDARD_LIBRARIES = YES;
				CODE_SIGN_STYLE = Automatic;
				CURRENT_PROJECT_VERSION = 1;
				GENERATE_INFOPLIST_FILE = YES;
				MARKETING_VERSION = 1.0;
				PRODUCT_BUNDLE_IDENTIFIER = com.ShreeKrishna.CustomCellCollectionViewUITests;
				PRODUCT_NAME = "$(TARGET_NAME)";
				SWIFT_EMIT_LOC_STRINGS = NO;
				SWIFT_VERSION = 5.0;
				TARGETED_DEVICE_FAMILY = "1,2";
				TEST_TARGET_NAME = CustomCellCollectionView;
			};
			name = Release;
		};
/* End XCBuildConfiguration section */

/* Begin XCConfigurationList section */
		CF68C0C3296F088900548865 /* Build configuration list for PBXProject "CustomCellCollectionView" */ = {
			isa = XCConfigurationList;
			buildConfigurations = (
				CF68C0F0296F088A00548865 /* Debug */,
				CF68C0F1296F088A00548865 /* Release */,
			);
			defaultConfigurationIsVisible = 0;
			defaultConfigurationName = Release;
		};
		CF68C0F2296F088A00548865 /* Build configuration list for PBXNativeTarget "CustomCellCollectionView" */ = {
			isa = XCConfigurationList;
			buildConfigurations = (
				CF68C0F3296F088A00548865 /* Debug */,
				CF68C0F4296F088A00548865 /* Release */,
			);
			defaultConfigurationIsVisible = 0;
			defaultConfigurationName = Release;
		};
		CF68C0F5296F088A00548865 /* Build configuration list for PBXNativeTarget "CustomCellCollectionViewTests" */ = {
			isa = XCConfigurationList;
			buildConfigurations = (
				CF68C0F6296F088A00548865 /* Debug */,
				CF68C0F7296F088A00548865 /* Release */,
			);
			defaultConfigurationIsVisible = 0;
			defaultConfigurationName = Release;
		};
		CF68C0F8296F088A00548865 /* Build configuration list for PBXNativeTarget "CustomCellCollectionViewUITests" */ = {
			isa = XCConfigurationList;
			buildConfigurations = (
				CF68C0F9296F088A00548865 /* Debug */,
				CF68C0FA296F088A00548865 /* Release */,
			);
			defaultConfigurationIsVisible = 0;
			defaultConfigurationName = Release;
		};
/* End XCConfigurationList section */
	};
	rootObject = CF68C0C0296F088900548865 /* Project object */;
}
